
Microsoft Visual Studio Solution File, Format Version 12.00
# Visual Studio 15
VisualStudioVersion = 15.0.26124.0
MinimumVisualStudioVersion = 15.0.26124.0
Project("{2150E333-8FDC-42A3-9474-1A3956D46DE8}") = "src", "src", "{FF5B756A-4BF4-4D16-B09C-12D76B7C9AA8}"
EndProject
Project("{FAE04EC0-301F-11D3-BF4B-00C04F79EFBC}") = "SimpleAPI", "src\SimpleAPI\SimpleAPI.csproj", "{FEC47B92-ADD1-42ED-8E1E-D8B257D56102}"
EndProject
Project("{2150E333-8FDC-42A3-9474-1A3956D46DE8}") = "test", "test", "{03402985-799A-4B95-B4E9-5A4BFD92DF5A}"
EndProject
Project("{FAE04EC0-301F-11D3-BF4B-00C04F79EFBC}") = "SimpleAPI.Test", "test\SimpleAPI.Test\SimpleAPI.Test.csproj", "{A2C0E6E9-8B88-4A8E-83DF-3A0C11AEAE06}"
EndProject
Global
	GlobalSection(SolutionConfigurationPlatforms) = preSolution
		Debug|Any CPU = Debug|Any CPU
		Debug|x64 = Debug|x64
		Debug|x86 = Debug|x86
		Release|Any CPU = Release|Any CPU
		Release|x64 = Release|x64
		Release|x86 = Release|x86
	EndGlobalSection
	GlobalSection(SolutionProperties) = preSolution
		HideSolutionNode = FALSE
	EndGlobalSection
	GlobalSection(ProjectConfigurationPlatforms) = postSolution
		{FEC47B92-ADD1-42ED-8E1E-D8B257D56102}.Debug|Any CPU.ActiveCfg = Debug|Any CPU
		{FEC47B92-ADD1-42ED-8E1E-D8B257D56102}.Debug|Any CPU.Build.0 = Debug|Any CPU
		{FEC47B92-ADD1-42ED-8E1E-D8B257D56102}.Debug|x64.ActiveCfg = Debug|Any CPU
		{FEC47B92-ADD1-42ED-8E1E-D8B257D56102}.Debug|x64.Build.0 = Debug|Any CPU
		{FEC47B92-ADD1-42ED-8E1E-D8B257D56102}.Debug|x86.ActiveCfg = Debug|Any CPU
		{FEC47B92-ADD1-42ED-8E1E-D8B257D56102}.Debug|x86.Build.0 = Debug|Any CPU
		{FEC47B92-ADD1-42ED-8E1E-D8B257D56102}.Release|Any CPU.ActiveCfg = Release|Any CPU
		{FEC47B92-ADD1-42ED-8E1E-D8B257D56102}.Release|Any CPU.Build.0 = Release|Any CPU
		{FEC47B92-ADD1-42ED-8E1E-D8B257D56102}.Release|x64.ActiveCfg = Release|Any CPU
		{FEC47B92-ADD1-42ED-8E1E-D8B257D56102}.Release|x64.Build.0 = Release|Any CPU
		{FEC47B92-ADD1-42ED-8E1E-D8B257D56102}.Release|x86.ActiveCfg = Release|Any CPU
		{FEC47B92-ADD1-42ED-8E1E-D8B257D56102}.Release|x86.Build.0 = Release|Any CPU
		{A2C0E6E9-8B88-4A8E-83DF-3A0C11AEAE06}.Debug|Any CPU.ActiveCfg = Debug|Any CPU
		{A2C0E6E9-8B88-4A8E-83DF-3A0C11AEAE06}.Debug|Any CPU.Build.0 = Debug|Any CPU
		{A2C0E6E9-8B88-4A8E-83DF-3A0C11AEAE06}.Debug|x64.ActiveCfg = Debug|Any CPU
		{A2C0E6E9-8B88-4A8E-83DF-3A0C11AEAE06}.Debug|x64.Build.0 = Debug|Any CPU
		{A2C0E6E9-8B88-4A8E-83DF-3A0C11AEAE06}.Debug|x86.ActiveCfg = Debug|Any CPU
		{A2C0E6E9-8B88-4A8E-83DF-3A0C11AEAE06}.Debug|x86.Build.0 = Debug|Any CPU
		{A2C0E6E9-8B88-4A8E-83DF-3A0C11AEAE06}.Release|Any CPU.ActiveCfg = Release|Any CPU
		{A2C0E6E9-8B88-4A8E-83DF-3A0C11AEAE06}.Release|Any CPU.Build.0 = Release|Any CPU
		{A2C0E6E9-8B88-4A8E-83DF-3A0C11AEAE06}.Release|x64.ActiveCfg = Release|Any CPU
		{A2C0E6E9-8B88-4A8E-83DF-3A0C11AEAE06}.Release|x64.Build.0 = Release|Any CPU
		{A2C0E6E9-8B88-4A8E-83DF-3A0C11AEAE06}.Release|x86.ActiveCfg = Release|Any CPU
		{A2C0E6E9-8B88-4A8E-83DF-3A0C11AEAE06}.Release|x86.Build.0 = Release|Any CPU
	EndGlobalSection
	GlobalSection(NestedProjects) = preSolution
		{FEC47B92-ADD1-42ED-8E1E-D8B257D56102} = {FF5B756A-4BF4-4D16-B09C-12D76B7C9AA8}
		{A2C0E6E9-8B88-4A8E-83DF-3A0C11AEAE06} = {03402985-799A-4B95-B4E9-5A4BFD92DF5A}
	EndGlobalSection
EndGlobal
